// !$*UTF8*$!
{
	archiveVersion = 1;
	classes = {
	};
	objectVersion = 56;
	objects = {

/* Begin PBXBuildFile section */
		A9C1854E2AFA5B310017560E /* SolsystemetApp.swift in Sources */ = {isa = PBXBuildFile; fileRef = A9C1854D2AFA5B310017560E /* SolsystemetApp.swift */; };
		A9C185502AFA5B310017560E /* ContentView.swift in Sources */ = {isa = PBXBuildFile; fileRef = A9C1854F2AFA5B310017560E /* ContentView.swift */; };
		A9C185522AFA5B320017560E /* Assets.xcassets in Resources */ = {isa = PBXBuildFile; fileRef = A9C185512AFA5B320017560E /* Assets.xcassets */; };
		A9C185552AFA5B320017560E /* Preview Assets.xcassets in Resources */ = {isa = PBXBuildFile; fileRef = A9C185542AFA5B320017560E /* Preview Assets.xcassets */; };
		A9C1855E2AFA7A490017560E /* PlanetDetailView.swift in Sources */ = {isa = PBXBuildFile; fileRef = A9C1855D2AFA7A480017560E /* PlanetDetailView.swift */; };
		A9C185652AFB77020017560E /* SolarSystem in Frameworks */ = {isa = PBXBuildFile; productRef = A9C185642AFB77020017560E /* SolarSystem */; };
/* End PBXBuildFile section */

/* Begin PBXFileReference section */
		A9C1854A2AFA5B310017560E /* Solsystemet.app */ = {isa = PBXFileReference; explicitFileType = wrapper.application; includeInIndex = 0; path = Solsystemet.app; sourceTree = BUILT_PRODUCTS_DIR; };
		A9C1854D2AFA5B310017560E /* SolsystemetApp.swift */ = {isa = PBXFileReference; lastKnownFileType = sourcecode.swift; path = SolsystemetApp.swift; sourceTree = "<group>"; };
		A9C1854F2AFA5B310017560E /* ContentView.swift */ = {isa = PBXFileReference; lastKnownFileType = sourcecode.swift; path = ContentView.swift; sourceTree = "<group>"; };
		A9C185512AFA5B320017560E /* Assets.xcassets */ = {isa = PBXFileReference; lastKnownFileType = folder.assetcatalog; path = Assets.xcassets; sourceTree = "<group>"; };
		A9C185542AFA5B320017560E /* Preview Assets.xcassets */ = {isa = PBXFileReference; lastKnownFileType = folder.assetcatalog; path = "Preview Assets.xcassets"; sourceTree = "<group>"; };
		A9C1855D2AFA7A480017560E /* PlanetDetailView.swift */ = {isa = PBXFileReference; lastKnownFileType = sourcecode.swift; path = PlanetDetailView.swift; sourceTree = "<group>"; };
		A9C185602AFA7EE10017560E /* SolarSystem */ = {isa = PBXFileReference; lastKnownFileType = wrapper; name = SolarSystem; path = ../SolarSystem; sourceTree = "<group>"; };
		A9C185612AFA7F0E0017560E /* SolarSystem */ = {isa = PBXFileReference; lastKnownFileType = wrapper; name = SolarSystem; path = ../SolarSystem; sourceTree = "<group>"; };
		A9C185622AFB75F30017560E /* SolarSystem */ = {isa = PBXFileReference; lastKnownFileType = wrapper; name = SolarSystem; path = Solsystemet/SolarSystem; sourceTree = "<group>"; };
		A9C185672AFCF5BE0017560E /* .swiftlint.yml */ = {isa = PBXFileReference; lastKnownFileType = text.yaml; path = .swiftlint.yml; sourceTree = "<group>"; };
/* End PBXFileReference section */

/* Begin PBXFrameworksBuildPhase section */
		A9C185472AFA5B310017560E /* Frameworks */ = {
			isa = PBXFrameworksBuildPhase;
			buildActionMask = 2147483647;
			files = (
				A9C185652AFB77020017560E /* SolarSystem in Frameworks */,
			);
			runOnlyForDeploymentPostprocessing = 0;
		};
/* End PBXFrameworksBuildPhase section */

/* Begin PBXGroup section */
		A9C185412AFA5B310017560E = {
			isa = PBXGroup;
			children = (
				A9C185672AFCF5BE0017560E /* .swiftlint.yml */,
				A9C185622AFB75F30017560E /* SolarSystem */,
				A9C1855F2AFA7EE10017560E /* Packages */,
				A9C1854C2AFA5B310017560E /* Solsystemet */,
				A9C1854B2AFA5B310017560E /* Products */,
				A9C185632AFB77020017560E /* Frameworks */,
			);
			sourceTree = "<group>";
		};
		A9C1854B2AFA5B310017560E /* Products */ = {
			isa = PBXGroup;
			children = (
				A9C1854A2AFA5B310017560E /* Solsystemet.app */,
			);
			name = Products;
			sourceTree = "<group>";
		};
		A9C1854C2AFA5B310017560E /* Solsystemet */ = {
			isa = PBXGroup;
			children = (
				A9C1854D2AFA5B310017560E /* SolsystemetApp.swift */,
				A9C1854F2AFA5B310017560E /* ContentView.swift */,
				A9C1855D2AFA7A480017560E /* PlanetDetailView.swift */,
				A9C185512AFA5B320017560E /* Assets.xcassets */,
				A9C185532AFA5B320017560E /* Preview Content */,
			);
			path = Solsystemet;
			sourceTree = "<group>";
		};
		A9C185532AFA5B320017560E /* Preview Content */ = {
			isa = PBXGroup;
			children = (
				A9C185542AFA5B320017560E /* Preview Assets.xcassets */,
			);
			path = "Preview Content";
			sourceTree = "<group>";
		};
		A9C1855F2AFA7EE10017560E /* Packages */ = {
			isa = PBXGroup;
			children = (
				A9C185602AFA7EE10017560E /* SolarSystem */,
				A9C185612AFA7F0E0017560E /* SolarSystem */,
			);
			name = Packages;
			sourceTree = "<group>";
		};
		A9C185632AFB77020017560E /* Frameworks */ = {
			isa = PBXGroup;
			children = (
			);
			name = Frameworks;
			sourceTree = "<group>";
		};
/* End PBXGroup section */

/* Begin PBXNativeTarget section */
		A9C185492AFA5B310017560E /* Solsystemet */ = {
			isa = PBXNativeTarget;
			buildConfigurationList = A9C185582AFA5B320017560E /* Build configuration list for PBXNativeTarget "Solsystemet" */;
			buildPhases = (
				A9C185462AFA5B310017560E /* Sources */,
				A9C185472AFA5B310017560E /* Frameworks */,
				A9C185482AFA5B310017560E /* Resources */,
				A9C185662AFCF4F20017560E /* ShellScript */,
			);
			buildRules = (
			);
			dependencies = (
			);
			name = Solsystemet;
			packageProductDependencies = (
				A9C185642AFB77020017560E /* SolarSystem */,
			);
			productName = Solsystemet;
			productReference = A9C1854A2AFA5B310017560E /* Solsystemet.app */;
			productType = "com.apple.product-type.application";
		};
/* End PBXNativeTarget section */

/* Begin PBXProject section */
		A9C185422AFA5B310017560E /* Project object */ = {
			isa = PBXProject;
			attributes = {
				BuildIndependentTargetsInParallel = 1;
				LastSwiftUpdateCheck = 1430;
				LastUpgradeCheck = 1430;
				TargetAttributes = {
					A9C185492AFA5B310017560E = {
						CreatedOnToolsVersion = 14.3.1;
					};
				};
			};
			buildConfigurationList = A9C185452AFA5B310017560E /* Build configuration list for PBXProject "Solsystemet" */;
			compatibilityVersion = "Xcode 14.0";
			developmentRegion = en;
			hasScannedForEncodings = 0;
			knownRegions = (
				en,
				Base,
			);
			mainGroup = A9C185412AFA5B310017560E;
			productRefGroup = A9C1854B2AFA5B310017560E /* Products */;
			projectDirPath = "";
			projectRoot = "";
			targets = (
				A9C185492AFA5B310017560E /* Solsystemet */,
			);
		};
/* End PBXProject section */

/* Begin PBXResourcesBuildPhase section */
		A9C185482AFA5B310017560E /* Resources */ = {
			isa = PBXResourcesBuildPhase;
			buildActionMask = 2147483647;
			files = (
				A9C185552AFA5B320017560E /* Preview Assets.xcassets in Resources */,
				A9C185522AFA5B320017560E /* Assets.xcassets in Resources */,
			);
			runOnlyForDeploymentPostprocessing = 0;
		};
/* End PBXResourcesBuildPhase section */

/* Begin PBXShellScriptBuildPhase section */
		A9C185662AFCF4F20017560E /* ShellScript */ = {
			isa = PBXShellScriptBuildPhase;
			alwaysOutOfDate = 1;
			buildActionMask = 2147483647;
			files = (
			);
			inputFileListPaths = (
			);
			inputPaths = (
			);
			outputFileListPaths = (
			);
			outputPaths = (
			);
			runOnlyForDeploymentPostprocessing = 0;
			shellPath = /bin/sh;
			shellScript = "SWIFTLINT_PATH=\"/Users/josefinhellgren/.mint/bin/swiftlint\"\n\nif [ -x \"$SWIFTLINT_PATH\" ]; then\n    \"$SWIFTLINT_PATH\"\nelse\n  echo \"warning: SwiftLint not installed, download from https://github.com/realm/SwiftLint\"\nfi\n";
		};
/* End PBXShellScriptBuildPhase section */

/* Begin PBXSourcesBuildPhase section */
		A9C185462AFA5B310017560E /* Sources */ = {
			isa = PBXSourcesBuildPhase;
			buildActionMask = 2147483647;
			files = (
				A9C185502AFA5B310017560E /* ContentView.swift in Sources */,
				A9C1854E2AFA5B310017560E /* SolsystemetApp.swift in Sources */,
				A9C1855E2AFA7A490017560E /* PlanetDetailView.swift in Sources */,
			);
			runOnlyForDeploymentPostprocessing = 0;
		};
/* End PBXSourcesBuildPhase section */

/* Begin XCBuildConfiguration section */
		A9C185562AFA5B320017560E /* Debug */ = {
			isa = XCBuildConfiguration;
			buildSettings = {
				ALWAYS_SEARCH_USER_PATHS = NO;
				CLANG_ANALYZER_NONNULL = YES;
				CLANG_ANALYZER_NUMBER_OBJECT_CONVERSION = YES_AGGRESSIVE;
				CLANG_CXX_LANGUAGE_STANDARD = "gnu++20";
				CLANG_ENABLE_MODULES = YES;
				CLANG_ENABLE_OBJC_ARC = YES;
				CLANG_ENABLE_OBJC_WEAK = YES;
				CLANG_WARN_BLOCK_CAPTURE_AUTORELEASING = YES;
				CLANG_WARN_BOOL_CONVERSION = YES;
				CLANG_WARN_COMMA = YES;
				CLANG_WARN_CONSTANT_CONVERSION = YES;
				CLANG_WARN_DEPRECATED_OBJC_IMPLEMENTATIONS = YES;
				CLANG_WARN_DIRECT_OBJC_ISA_USAGE = YES_ERROR;
				CLANG_WARN_DOCUMENTATION_COMMENTS = YES;
				CLANG_WARN_EMPTY_BODY = YES;
				CLANG_WARN_ENUM_CONVERSION = YES;
				CLANG_WARN_INFINITE_RECURSION = YES;
				CLANG_WARN_INT_CONVERSION = YES;
				CLANG_WARN_NON_LITERAL_NULL_CONVERSION = YES;
				CLANG_WARN_OBJC_IMPLICIT_RETAIN_SELF = YES;
				CLANG_WARN_OBJC_LITERAL_CONVERSION = YES;
				CLANG_WARN_OBJC_ROOT_CLASS = YES_ERROR;
				CLANG_WARN_QUOTED_INCLUDE_IN_FRAMEWORK_HEADER = YES;
				CLANG_WARN_RANGE_LOOP_ANALYSIS = YES;
				CLANG_WARN_STRICT_PROTOTYPES = YES;
				CLANG_WARN_SUSPICIOUS_MOVE = YES;
				CLANG_WARN_UNGUARDED_AVAILABILITY = YES_AGGRESSIVE;
				CLANG_WARN_UNREACHABLE_CODE = YES;
				CLANG_WARN__DUPLICATE_METHOD_MATCH = YES;
				COPY_PHASE_STRIP = NO;
				DEBUG_INFORMATION_FORMAT = dwarf;
				ENABLE_STRICT_OBJC_MSGSEND = YES;
				ENABLE_TESTABILITY = YES;
				GCC_C_LANGUAGE_STANDARD = gnu11;
				GCC_DYNAMIC_NO_PIC = NO;
				GCC_NO_COMMON_BLOCKS = YES;
				GCC_OPTIMIZATION_LEVEL = 0;
				GCC_PREPROCESSOR_DEFINITIONS = (
					"DEBUG=1",
					"$(inherited)",
				);
				GCC_WARN_64_TO_32_BIT_CONVERSION = YES;
				GCC_WARN_ABOUT_RETURN_TYPE = YES_ERROR;
				GCC_WARN_UNDECLARED_SELECTOR = YES;
				GCC_WARN_UNINITIALIZED_AUTOS = YES_AGGRESSIVE;
				GCC_WARN_UNUSED_FUNCTION = YES;
				GCC_WARN_UNUSED_VARIABLE = YES;
				IPHONEOS_DEPLOYMENT_TARGET = 16.4;
				MTL_ENABLE_DEBUG_INFO = INCLUDE_SOURCE;
				MTL_FAST_MATH = YES;
				ONLY_ACTIVE_ARCH = YES;
				SDKROOT = iphoneos;
				SWIFT_ACTIVE_COMPILATION_CONDITIONS = DEBUG;
				SWIFT_OPTIMIZATION_LEVEL = "-Onone";
			};
			name = Debug;
		};
		A9C185572AFA5B320017560E /* Release */ = {
			isa = XCBuildConfiguration;
			buildSettings = {
				ALWAYS_SEARCH_USER_PATHS = NO;
				CLANG_ANALYZER_NONNULL = YES;
				CLANG_ANALYZER_NUMBER_OBJECT_CONVERSION = YES_AGGRESSIVE;
				CLANG_CXX_LANGUAGE_STANDARD = "gnu++20";
				CLANG_ENABLE_MODULES = YES;
				CLANG_ENABLE_OBJC_ARC = YES;
				CLANG_ENABLE_OBJC_WEAK = YES;
				CLANG_WARN_BLOCK_CAPTURE_AUTORELEASING = YES;
				CLANG_WARN_BOOL_CONVERSION = YES;
				CLANG_WARN_COMMA = YES;
				CLANG_WARN_CONSTANT_CONVERSION = YES;
				CLANG_WARN_DEPRECATED_OBJC_IMPLEMENTATIONS = YES;
				CLANG_WARN_DIRECT_OBJC_ISA_USAGE = YES_ERROR;
				CLANG_WARN_DOCUMENTATION_COMMENTS = YES;
				CLANG_WARN_EMPTY_BODY = YES;
				CLANG_WARN_ENUM_CONVERSION = YES;
				CLANG_WARN_INFINITE_RECURSION = YES;
				CLANG_WARN_INT_CONVERSION = YES;
				CLANG_WARN_NON_LITERAL_NULL_CONVERSION = YES;
				CLANG_WARN_OBJC_IMPLICIT_RETAIN_SELF = YES;
				CLANG_WARN_OBJC_LITERAL_CONVERSION = YES;
				CLANG_WARN_OBJC_ROOT_CLASS = YES_ERROR;
				CLANG_WARN_QUOTED_INCLUDE_IN_FRAMEWORK_HEADER = YES;
				CLANG_WARN_RANGE_LOOP_ANALYSIS = YES;
				CLANG_WARN_STRICT_PROTOTYPES = YES;
				CLANG_WARN_SUSPICIOUS_MOVE = YES;
				CLANG_WARN_UNGUARDED_AVAILABILITY = YES_AGGRESSIVE;
				CLANG_WARN_UNREACHABLE_CODE = YES;
				CLANG_WARN__DUPLICATE_METHOD_MATCH = YES;
				COPY_PHASE_STRIP = NO;
				DEBUG_INFORMATION_FORMAT = "dwarf-with-dsym";
				ENABLE_NS_ASSERTIONS = NO;
				ENABLE_STRICT_OBJC_MSGSEND = YES;
				GCC_C_LANGUAGE_STANDARD = gnu11;
				GCC_NO_COMMON_BLOCKS = YES;
				GCC_WARN_64_TO_32_BIT_CONVERSION = YES;
				GCC_WARN_ABOUT_RETURN_TYPE = YES_ERROR;
				GCC_WARN_UNDECLARED_SELECTOR = YES;
				GCC_WARN_UNINITIALIZED_AUTOS = YES_AGGRESSIVE;
				GCC_WARN_UNUSED_FUNCTION = YES;
				GCC_WARN_UNUSED_VARIABLE = YES;
				IPHONEOS_DEPLOYMENT_TARGET = 16.4;
				MTL_ENABLE_DEBUG_INFO = NO;
				MTL_FAST_MATH = YES;
				SDKROOT = iphoneos;
				SWIFT_COMPILATION_MODE = wholemodule;
				SWIFT_OPTIMIZATION_LEVEL = "-O";
				VALIDATE_PRODUCT = YES;
			};
			name = Release;
		};
		A9C185592AFA5B320017560E /* Debug */ = {
			isa = XCBuildConfiguration;
			buildSettings = {
				ASSETCATALOG_COMPILER_APPICON_NAME = AppIcon;
				ASSETCATALOG_COMPILER_GLOBAL_ACCENT_COLOR_NAME = AccentColor;
				CODE_SIGN_STYLE = Automatic;
				CURRENT_PROJECT_VERSION = 1;
				DEVELOPMENT_ASSET_PATHS = "\"Solsystemet/Preview Content\"";
				DEVELOPMENT_TEAM = L8Z22M8AKC;
				ENABLE_PREVIEWS = YES;
				GENERATE_INFOPLIST_FILE = YES;
				INFOPLIST_KEY_UIApplicationSceneManifest_Generation = YES;
				INFOPLIST_KEY_UIApplicationSupportsIndirectInputEvents = YES;
				INFOPLIST_KEY_UILaunchScreen_Generation = YES;
				INFOPLIST_KEY_UISupportedInterfaceOrientations_iPad = "UIInterfaceOrientationPortrait UIInterfaceOrientationPortraitUpsideDown UIInterfaceOrientationLandscapeLeft UIInterfaceOrientationLandscapeRight";
				INFOPLIST_KEY_UISupportedInterfaceOrientations_iPhone = "UIInterfaceOrientationPortrait UIInterfaceOrientationLandscapeLeft UIInterfaceOrientationLandscapeRight";
				LD_RUNPATH_SEARCH_PATHS = (
					"$(inherited)",
					"@executable_path/Frameworks",
				);
				MARKETING_VERSION = 1.0;
				PRODUCT_BUNDLE_IDENTIFIER = com.example.Solsystemet;
				PRODUCT_NAME = "$(TARGET_NAME)";
				SWIFT_EMIT_LOC_STRINGS = YES;
				SWIFT_VERSION = 5.0;
				TARGETED_DEVICE_FAMILY = "1,2";
			};
			name = Debug;
		};
		A9C1855A2AFA5B320017560E /* Release */ = {
			isa = XCBuildConfiguration;
			buildSettings = {
				ASSETCATALOG_COMPILER_APPICON_NAME = AppIcon;
				ASSETCATALOG_COMPILER_GLOBAL_ACCENT_COLOR_NAME = AccentColor;
				CODE_SIGN_STYLE = Automatic;
				CURRENT_PROJECT_VERSION = 1;
				DEVELOPMENT_ASSET_PATHS = "\"Solsystemet/Preview Content\"";
				DEVELOPMENT_TEAM = L8Z22M8AKC;
				ENABLE_PREVIEWS = YES;
				GENERATE_INFOPLIST_FILE = YES;
				INFOPLIST_KEY_UIApplicationSceneManifest_Generation = YES;
				INFOPLIST_KEY_UIApplicationSupportsIndirectInputEvents = YES;
				INFOPLIST_KEY_UILaunchScreen_Generation = YES;
				INFOPLIST_KEY_UISupportedInterfaceOrientations_iPad = "UIInterfaceOrientationPortrait UIInterfaceOrientationPortraitUpsideDown UIInterfaceOrientationLandscapeLeft UIInterfaceOrientationLandscapeRight";
				INFOPLIST_KEY_UISupportedInterfaceOrientations_iPhone = "UIInterfaceOrientationPortrait UIInterfaceOrientationLandscapeLeft UIInterfaceOrientationLandscapeRight";
				LD_RUNPATH_SEARCH_PATHS = (
					"$(inherited)",
					"@executable_path/Frameworks",
				);
				MARKETING_VERSION = 1.0;
				PRODUCT_BUNDLE_IDENTIFIER = com.example.Solsystemet;
				PRODUCT_NAME = "$(TARGET_NAME)";
				SWIFT_EMIT_LOC_STRINGS = YES;
				SWIFT_VERSION = 5.0;
				TARGETED_DEVICE_FAMILY = "1,2";
			};
			name = Release;
		};
/* End XCBuildConfiguration section */

/* Begin XCConfigurationList section */
		A9C185452AFA5B310017560E /* Build configuration list for PBXProject "Solsystemet" */ = {
			isa = XCConfigurationList;
			buildConfigurations = (
				A9C185562AFA5B320017560E /* Debug */,
				A9C185572AFA5B320017560E /* Release */,
			);
			defaultConfigurationIsVisible = 0;
			defaultConfigurationName = Release;
		};
		A9C185582AFA5B320017560E /* Build configuration list for PBXNativeTarget "Solsystemet" */ = {
			isa = XCConfigurationList;
			buildConfigurations = (
				A9C185592AFA5B320017560E /* Debug */,
				A9C1855A2AFA5B320017560E /* Release */,
			);
			defaultConfigurationIsVisible = 0;
			defaultConfigurationName = Release;
		};
/* End XCConfigurationList section */

/* Begin XCSwiftPackageProductDependency section */
		A9C185642AFB77020017560E /* SolarSystem */ = {
			isa = XCSwiftPackageProductDependency;
			productName = SolarSystem;
		};
/* End XCSwiftPackageProductDependency section */
	};
	rootObject = A9C185422AFA5B310017560E /* Project object */;
}
